Microsoft Visual Studio Solution File, Format Version 11.00
# Visual Studio 2008

Project("{0BB3C3DF-4C4C-660E-001D-64F23EC41115}") = "Doodle", "Assembly-CSharp.csproj", "{D7F8C6BC-5AF4-F236-E0D9-9AF64A383111}"
EndProject
Project("{0BB3C3DF-4C4C-660E-001D-64F23EC41115}") = "Doodle", "Assembly-CSharp-Editor.csproj", "{B090C363-1EDB-B53E-1BE4-34FBD6BB3D47}"
EndProject
Global
	GlobalSection(SolutionConfigurationPlatforms) = preSolution
		Debug|Any CPU = Debug|Any CPU
		Release|Any CPU = Release|Any CPU
	EndGlobalSection
	GlobalSection(ProjectConfigurationPlatforms) = postSolution
		{D7F8C6BC-5AF4-F236-E0D9-9AF64A383111}.Debug|Any CPU.ActiveCfg = Debug|Any CPU
		{D7F8C6BC-5AF4-F236-E0D9-9AF64A383111}.Debug|Any CPU.Build.0 = Debug|Any CPU
		{D7F8C6BC-5AF4-F236-E0D9-9AF64A383111}.Release|Any CPU.ActiveCfg = Release|Any CPU
		{D7F8C6BC-5AF4-F236-E0D9-9AF64A383111}.Release|Any CPU.Build.0 = Release|Any CPU
		{B090C363-1EDB-B53E-1BE4-34FBD6BB3D47}.Debug|Any CPU.ActiveCfg = Debug|Any CPU
		{B090C363-1EDB-B53E-1BE4-34FBD6BB3D47}.Debug|Any CPU.Build.0 = Debug|Any CPU
		{B090C363-1EDB-B53E-1BE4-34FBD6BB3D47}.Release|Any CPU.ActiveCfg = Release|Any CPU
		{B090C363-1EDB-B53E-1BE4-34FBD6BB3D47}.Release|Any CPU.Build.0 = Release|Any CPU
	EndGlobalSection
	GlobalSection(SolutionProperties) = preSolution
		HideSolutionNode = FALSE
	EndGlobalSection
	GlobalSection(MonoDevelopProperties) = preSolution
		StartupItem = Assembly-CSharp.csproj
	EndGlobalSection
EndGlobal
