Microsoft Visual Studio Solution File, Format Version 11.00
# Visual Studio 2008

Project("{67A013CF-8AA4-E950-142C-DB53EED7CC3E}") = "Doodle-DrawTogether", "Assembly-CSharp.csproj", "{DEF02DF1-34C3-4135-2B42-C37B4C9E2E47}"
EndProject
Project("{67A013CF-8AA4-E950-142C-DB53EED7CC3E}") = "Doodle-DrawTogether", "Assembly-CSharp-Editor.csproj", "{FCBF7E8F-B5F5-42D2-41A5-12D78BF244F0}"
EndProject
Global
	GlobalSection(SolutionConfigurationPlatforms) = preSolution
		Debug|Any CPU = Debug|Any CPU
		Release|Any CPU = Release|Any CPU
	EndGlobalSection
	GlobalSection(ProjectConfigurationPlatforms) = postSolution
		{DEF02DF1-34C3-4135-2B42-C37B4C9E2E47}.Debug|Any CPU.ActiveCfg = Debug|Any CPU
		{DEF02DF1-34C3-4135-2B42-C37B4C9E2E47}.Debug|Any CPU.Build.0 = Debug|Any CPU
		{DEF02DF1-34C3-4135-2B42-C37B4C9E2E47}.Release|Any CPU.ActiveCfg = Release|Any CPU
		{DEF02DF1-34C3-4135-2B42-C37B4C9E2E47}.Release|Any CPU.Build.0 = Release|Any CPU
		{FCBF7E8F-B5F5-42D2-41A5-12D78BF244F0}.Debug|Any CPU.ActiveCfg = Debug|Any CPU
		{FCBF7E8F-B5F5-42D2-41A5-12D78BF244F0}.Debug|Any CPU.Build.0 = Debug|Any CPU
		{FCBF7E8F-B5F5-42D2-41A5-12D78BF244F0}.Release|Any CPU.ActiveCfg = Release|Any CPU
		{FCBF7E8F-B5F5-42D2-41A5-12D78BF244F0}.Release|Any CPU.Build.0 = Release|Any CPU
	EndGlobalSection
	GlobalSection(SolutionProperties) = preSolution
		HideSolutionNode = FALSE
	EndGlobalSection
	GlobalSection(MonoDevelopProperties) = preSolution
		StartupItem = Assembly-CSharp.csproj
	EndGlobalSection
EndGlobal
